
Microsoft Visual Studio Solution File, Format Version 12.00
# Visual Studio Version 16
VisualStudioVersion = 16.0.30621.155
MinimumVisualStudioVersion = 10.0.40219.1
Project("{FAE04EC0-301F-11D3-BF4B-00C04F79EFBC}") = "Subtract the Product and Sum of Digits of an Integer", "Subtract the Product and Sum of Digits of an Integer\Subtract the Product and Sum of Digits of an Integer.csproj", "{731F018D-8D5D-4211-9340-A6A3FC7542D7}"
EndProject
Global
	GlobalSection(SolutionConfigurationPlatforms) = preSolution
		Debug|Any CPU = Debug|Any CPU
		Release|Any CPU = Release|Any CPU
	EndGlobalSection
	GlobalSection(ProjectConfigurationPlatforms) = postSolution
		{731F018D-8D5D-4211-9340-A6A3FC7542D7}.Debug|Any CPU.ActiveCfg = Debug|Any CPU
		{731F018D-8D5D-4211-9340-A6A3FC7542D7}.Debug|Any CPU.Build.0 = Debug|Any CPU
		{731F018D-8D5D-4211-9340-A6A3FC7542D7}.Release|Any CPU.ActiveCfg = Release|Any CPU
		{731F018D-8D5D-4211-9340-A6A3FC7542D7}.Release|Any CPU.Build.0 = Release|Any CPU
	EndGlobalSection
	GlobalSection(SolutionProperties) = preSolution
		HideSolutionNode = FALSE
	EndGlobalSection
	GlobalSection(ExtensibilityGlobals) = postSolution
		SolutionGuid = {BB3A8719-7F8D-4ACC-B15C-166CFE238ED7}
	EndGlobalSection
EndGlobal
