
Microsoft Visual Studio Solution File, Format Version 12.00
# Visual Studio Version 16
VisualStudioVersion = 16.0.30621.155
MinimumVisualStudioVersion = 10.0.40219.1
Project("{FAE04EC0-301F-11D3-BF4B-00C04F79EFBC}") = "Unique Morse Code Words", "Unique Morse Code Words\Unique Morse Code Words.csproj", "{6CD20F5B-8404-4318-AFF8-7A7F8D095553}"
EndProject
Global
	GlobalSection(SolutionConfigurationPlatforms) = preSolution
		Debug|Any CPU = Debug|Any CPU
		Release|Any CPU = Release|Any CPU
	EndGlobalSection
	GlobalSection(ProjectConfigurationPlatforms) = postSolution
		{6CD20F5B-8404-4318-AFF8-7A7F8D095553}.Debug|Any CPU.ActiveCfg = Debug|Any CPU
		{6CD20F5B-8404-4318-AFF8-7A7F8D095553}.Debug|Any CPU.Build.0 = Debug|Any CPU
		{6CD20F5B-8404-4318-AFF8-7A7F8D095553}.Release|Any CPU.ActiveCfg = Release|Any CPU
		{6CD20F5B-8404-4318-AFF8-7A7F8D095553}.Release|Any CPU.Build.0 = Release|Any CPU
	EndGlobalSection
	GlobalSection(SolutionProperties) = preSolution
		HideSolutionNode = FALSE
	EndGlobalSection
	GlobalSection(ExtensibilityGlobals) = postSolution
		SolutionGuid = {73155EA3-CA4B-4FB9-A6D5-C4D034E031BF}
	EndGlobalSection
EndGlobal
