
Microsoft Visual Studio Solution File, Format Version 12.00
# Visual Studio Version 16
VisualStudioVersion = 16.0.30621.155
MinimumVisualStudioVersion = 10.0.40219.1
Project("{FAE04EC0-301F-11D3-BF4B-00C04F79EFBC}") = "Create Target Array in the Given Order", "Create Target Array in the Given Order\Create Target Array in the Given Order.csproj", "{0058020C-816F-4A13-9F55-55E729022537}"
EndProject
Global
	GlobalSection(SolutionConfigurationPlatforms) = preSolution
		Debug|Any CPU = Debug|Any CPU
		Release|Any CPU = Release|Any CPU
	EndGlobalSection
	GlobalSection(ProjectConfigurationPlatforms) = postSolution
		{0058020C-816F-4A13-9F55-55E729022537}.Debug|Any CPU.ActiveCfg = Debug|Any CPU
		{0058020C-816F-4A13-9F55-55E729022537}.Debug|Any CPU.Build.0 = Debug|Any CPU
		{0058020C-816F-4A13-9F55-55E729022537}.Release|Any CPU.ActiveCfg = Release|Any CPU
		{0058020C-816F-4A13-9F55-55E729022537}.Release|Any CPU.Build.0 = Release|Any CPU
	EndGlobalSection
	GlobalSection(SolutionProperties) = preSolution
		HideSolutionNode = FALSE
	EndGlobalSection
	GlobalSection(ExtensibilityGlobals) = postSolution
		SolutionGuid = {5E3EC918-3F2A-4F5D-9157-8F252B62061F}
	EndGlobalSection
EndGlobal
